# This file is auto-generated by Kargo. Do not edit.

[[package]]
name = "jsr305"
group = "com.google.code.findbugs"
version = "3.0.2"
checksum = "766ad2a0783f2687962c8ad74ceecc38a28b9f72a2d085ee438b7813e928d0c7"
source = "https://repo.maven.apache.org/maven2"
scope = "kapt"
dependencies = []

[[package]]
name = "dagger"
group = "com.google.dagger"
version = "2.59.2"
checksum = "f449e1b07cc65dce15e3df8316d0d3a27ee601601abf957074fe810f545feab5"
source = "https://repo.maven.apache.org/maven2"
scope = "compile"

[[package.dependencies]]
name = "jspecify"
group = "org.jspecify"
version = "1.0.0"

[[package.dependencies]]
name = "jakarta.inject-api"
group = "jakarta.inject"
version = "2.0.1"

[[package]]
name = "dagger-compiler"
group = "com.google.dagger"
version = "2.59.2"
checksum = "e8f0ede4a033dcca5e8faaa9ac7028eafb0e4cc134351b46da6e500dc177733d"
source = "https://repo.maven.apache.org/maven2"
scope = "kapt"

[[package.dependencies]]
name = "checker-compat-qual"
group = "org.checkerframework"
version = "2.5.3"

[[package.dependencies]]
name = "incap"
group = "net.ltgt.gradle.incap"
version = "0.2"

[[package.dependencies]]
name = "kotlinpoet"
group = "com.squareup"
version = "1.11.0"

[[package.dependencies]]
name = "javapoet"
group = "com.squareup"
version = "1.13.0"

[[package.dependencies]]
name = "guava"
group = "com.google.guava"
version = "33.0.0-jre"

[[package.dependencies]]
name = "failureaccess"
group = "com.google.guava"
version = "1.0.2"

[[package.dependencies]]
name = "google-java-format"
group = "com.google.googlejavaformat"
version = "1.33.0"

[[package.dependencies]]
name = "symbol-processing-api"
group = "com.google.devtools.ksp"
version = "2.2.20-2.0.3"

[[package.dependencies]]
name = "jsr305"
group = "com.google.code.findbugs"
version = "3.0.2"

[[package.dependencies]]
name = "dagger-spi"
group = "com.google.dagger"
version = "2.59.2"

[[package]]
name = "dagger-spi"
group = "com.google.dagger"
version = "2.59.2"
checksum = "d2ee686d20a202fbdf895463aef9dd727560c7539d1884ef0870bbb3081d829d"
source = "https://repo.maven.apache.org/maven2"
scope = "kapt"
dependencies = []

[[package]]
name = "symbol-processing-api"
group = "com.google.devtools.ksp"
version = "2.2.20-2.0.3"
checksum = "a20644569ecc01467d3efe4f8b9787a8719ce27ed12b6a3475ae1d82bfb16a0e"
source = "https://repo.maven.apache.org/maven2"
scope = "kapt"
dependencies = []

[[package]]
name = "google-java-format"
group = "com.google.googlejavaformat"
version = "1.33.0"
checksum = "1265aa761ec2908535324b114995a1c6debaedc8a9e2e8553127babcdb58567f"
source = "https://repo.maven.apache.org/maven2"
scope = "kapt"
dependencies = []

[[package]]
name = "failureaccess"
group = "com.google.guava"
version = "1.0.2"
checksum = "8a8f81cf9b359e3f6dfa691a1e776985c061ef2f223c9b2c80753e1b458e8064"
source = "https://repo.maven.apache.org/maven2"
scope = "kapt"
dependencies = []

[[package]]
name = "guava"
group = "com.google.guava"
version = "33.0.0-jre"
checksum = "f4d85c3e4d411694337cb873abea09b242b664bb013320be6105327c45991537"
source = "https://repo.maven.apache.org/maven2"
scope = "kapt"

[[package.dependencies]]
name = "listenablefuture"
group = "com.google.guava"
version = "9999.0-empty-to-avoid-conflict-with-guava"

[[package]]
name = "listenablefuture"
group = "com.google.guava"
version = "9999.0-empty-to-avoid-conflict-with-guava"
checksum = "b372a037d4230aa57fbeffdef30fd6123f9c0c2db85d0aced00c91b974f33f99"
source = "https://repo.maven.apache.org/maven2"
scope = "kapt"
dependencies = []

[[package]]
name = "javapoet"
group = "com.squareup"
version = "1.13.0"
checksum = "4c7517e848a71b36d069d12bb3bf46a70fd4cda3105d822b0ed2e19c00b69291"
source = "https://repo.maven.apache.org/maven2"
scope = "kapt"
dependencies = []

[[package]]
name = "kotlinpoet"
group = "com.squareup"
version = "1.11.0"
checksum = "2887ada1ca03dd83baa2758640d87e840d1907564db0ef88d2289c868a980492"
source = "https://repo.maven.apache.org/maven2"
scope = "kapt"

[[package.dependencies]]
name = "kotlin-reflect"
group = "org.jetbrains.kotlin"
version = "1.6.10"

[[package.dependencies]]
name = "kotlin-stdlib-jdk8"
group = "org.jetbrains.kotlin"
version = "1.6.10"

[[package]]
name = "jakarta.inject-api"
group = "jakarta.inject"
version = "2.0.1"
checksum = "f7dc98062fccf14126abb751b64fab12c312566e8cbdc8483598bffcea93af7c"
source = "https://repo.maven.apache.org/maven2"
scope = "compile"
dependencies = []

[[package]]
name = "javax.inject"
group = "javax.inject"
version = "1"
checksum = "91c77044a50c481636c32d916fd89c9118a72195390452c81065080f957de7ff"
source = "https://repo.maven.apache.org/maven2"
scope = "compile"
dependencies = []

[[package]]
name = "incap"
group = "net.ltgt.gradle.incap"
version = "0.2"
checksum = "b625b9806b0f1e4bc7a2e3457119488de3cd57ea20feedd513db070a573a4ffd"
source = "https://repo.maven.apache.org/maven2"
scope = "kapt"
dependencies = []

[[package]]
name = "checker-compat-qual"
group = "org.checkerframework"
version = "2.5.3"
checksum = "d76b9afea61c7c082908023f0cbc1427fab9abd2df915c8b8a3e7a509bccbc6d"
source = "https://repo.maven.apache.org/maven2"
scope = "kapt"
dependencies = []

[[package]]
name = "annotations"
group = "org.jetbrains"
version = "13.0"
checksum = "ace2a10dc8e2d5fd34925ecac03e4988b2c0f851650c94b8cef49ba1bd111478"
source = "https://repo.maven.apache.org/maven2"
scope = "test"
dependencies = []

[[package]]
name = "kotlin-metadata-jvm"
group = "org.jetbrains.kotlin"
version = "2.3.0"
checksum = "0c64203991d0232d989cd5e366d6028d27b1b087240818178bd50c268eeab56f"
source = "https://repo.maven.apache.org/maven2"
scope = "kapt"
dependencies = []

[[package]]
name = "kotlin-reflect"
group = "org.jetbrains.kotlin"
version = "1.6.10"
checksum = "3277ac102ae17aad10a55abec75ff5696c8d109790396434b496e75087854203"
source = "https://repo.maven.apache.org/maven2"
scope = "kapt"
dependencies = []

[[package]]
name = "kotlin-stdlib"
group = "org.jetbrains.kotlin"
version = "2.3.0"
checksum = "887587c91713250ad52fe14ad9166d042c33835049890e9437f355ffc5a195b1"
source = "https://repo.maven.apache.org/maven2"
scope = "test"

[[package.dependencies]]
name = "annotations"
group = "org.jetbrains"
version = "13.0"

[[package]]
name = "kotlin-stdlib-jdk7"
group = "org.jetbrains.kotlin"
version = "1.6.10"
checksum = "2aedcdc6b69b33bdf5cc235bcea88e7cf6601146bb6bcdffdb312bbacd7be261"
source = "https://repo.maven.apache.org/maven2"
scope = "kapt"
dependencies = []

[[package]]
name = "kotlin-stdlib-jdk8"
group = "org.jetbrains.kotlin"
version = "1.6.10"
checksum = "1456d82d039ea30d8485b032901f52bbf07e7cdbe8bb1f8708ad32a8574c41ce"
source = "https://repo.maven.apache.org/maven2"
scope = "kapt"

[[package.dependencies]]
name = "kotlin-stdlib-jdk7"
group = "org.jetbrains.kotlin"
version = "1.6.10"

[[package]]
name = "kotlin-test"
group = "org.jetbrains.kotlin"
version = "2.3.0"
checksum = "ae298a046eb9db6facb448685cb29f6ca77ab52afff1169b3fc52519de74da28"
source = "https://repo.maven.apache.org/maven2"
scope = "test"

[[package.dependencies]]
name = "kotlin-stdlib"
group = "org.jetbrains.kotlin"
version = "2.3.0"

[[package]]
name = "jspecify"
group = "org.jspecify"
version = "1.0.0"
checksum = "1fad6e6be7557781e4d33729d49ae1cdc8fdda6fe477bb0cc68ce351eafdfbab"
source = "https://repo.maven.apache.org/maven2"
scope = "compile"
dependencies = []
