# This file is auto-generated by Kargo. Do not edit.

[[package]]
name = "annotations"
group = "org.jetbrains"
version = "13.0"
checksum = "ace2a10dc8e2d5fd34925ecac03e4988b2c0f851650c94b8cef49ba1bd111478"
source = "https://repo.maven.apache.org/maven2"
scope = "test"
dependencies = []

[[package]]
name = "kotlin-stdlib"
group = "org.jetbrains.kotlin"
version = "2.3.0"
checksum = "887587c91713250ad52fe14ad9166d042c33835049890e9437f355ffc5a195b1"
source = "https://repo.maven.apache.org/maven2"
scope = "test"

[[package.dependencies]]
name = "annotations"
group = "org.jetbrains"
version = "13.0"

[[package]]
name = "kotlin-test"
group = "org.jetbrains.kotlin"
version = "2.3.0"
checksum = "ae298a046eb9db6facb448685cb29f6ca77ab52afff1169b3fc52519de74da28"
source = "https://repo.maven.apache.org/maven2"
scope = "test"

[[package.dependencies]]
name = "kotlin-stdlib"
group = "org.jetbrains.kotlin"
version = "2.3.0"
