# This file is auto-generated by Kargo. Do not edit.

[[package]]
name = "stately-concurrency-jvm"
group = "co.touchlab"
version = "2.1.0"
checksum = "86739675892fb1c17d6bd36d05347e89ff313957421bb01a45a743ce774e8e29"
source = "https://repo.maven.apache.org/maven2"
scope = "runtime"

[[package.dependencies]]
name = "stately-strict-jvm"
group = "co.touchlab"
version = "2.1.0"

[[package]]
name = "stately-concurrent-collections-jvm"
group = "co.touchlab"
version = "2.1.0"
checksum = "0e0d9e7f20eaee18f7862309064c8db58ce6a3a861d8871f561546af63df1893"
source = "https://repo.maven.apache.org/maven2"
scope = "runtime"
dependencies = []

[[package]]
name = "stately-strict-jvm"
group = "co.touchlab"
version = "2.1.0"
checksum = "581070db2802cbad81f6e6e2d9d2494835443153b314458d53aa43c68260c9fa"
source = "https://repo.maven.apache.org/maven2"
scope = "runtime"
dependencies = []

[[package]]
name = "symbol-processing-api"
group = "com.google.devtools.ksp"
version = "2.0.21-1.0.28"
checksum = "e38dd8199c65aae4bce9929bf39a563bf7658c600be5066c7e042cdd8de3137c"
source = "https://repo.maven.apache.org/maven2"
scope = "ksp"
dependencies = []

[[package]]
name = "koin-annotations-jvm"
group = "io.insert-koin"
version = "2.0.0"
checksum = "d3f9061eac934f97faed58c02c36402bb8f9074e52ada0e75164c86ae98c2882"
source = "https://repo.maven.apache.org/maven2"
scope = "compile"

[[package.dependencies]]
name = "kotlin-stdlib"
group = "org.jetbrains.kotlin"
version = "2.0.21"

[[package]]
name = "koin-core-jvm"
group = "io.insert-koin"
version = "4.0.2"
checksum = "7e86a0deb3513e97b2308e45003ee2167ff3e8a8aaa8db6ce6ebf44bfa0dbc3c"
source = "https://repo.maven.apache.org/maven2"
scope = "compile"

[[package.dependencies]]
name = "stately-concurrent-collections-jvm"
group = "co.touchlab"
version = "2.1.0"

[[package.dependencies]]
name = "stately-concurrency-jvm"
group = "co.touchlab"
version = "2.1.0"

[[package]]
name = "koin-ksp-compiler-jvm"
group = "io.insert-koin"
version = "2.0.0"
checksum = "236bdb73cd46dfde8270c1156c778bafbfdaddd6d2b28ff0b3593a1a8c58056f"
source = "https://repo.maven.apache.org/maven2"
scope = "ksp"

[[package.dependencies]]
name = "symbol-processing-api"
group = "com.google.devtools.ksp"
version = "2.0.21-1.0.28"

[[package]]
name = "ktor-client-cio-jvm"
group = "io.ktor"
version = "3.1.1"
checksum = "7432556e4e00470eec67fa4ee98f37425ee2bb81cfbf4e23152f8bf31f6c0aaf"
source = "https://repo.maven.apache.org/maven2"
scope = "compile"

[[package.dependencies]]
name = "ktor-network-tls-jvm"
group = "io.ktor"
version = "3.1.1"

[[package.dependencies]]
name = "ktor-websockets-jvm"
group = "io.ktor"
version = "3.1.1"

[[package.dependencies]]
name = "ktor-http-cio-jvm"
group = "io.ktor"
version = "3.1.1"

[[package.dependencies]]
name = "slf4j-api"
group = "org.slf4j"
version = "2.0.16"

[[package]]
name = "ktor-client-content-negotiation-jvm"
group = "io.ktor"
version = "3.1.1"
checksum = "f5f6157f23e60e9aa20a92d2b1b496d40ea0c5025e07c96f7812a605aaeea403"
source = "https://repo.maven.apache.org/maven2"
scope = "compile"

[[package.dependencies]]
name = "ktor-serialization-jvm"
group = "io.ktor"
version = "3.1.1"

[[package]]
name = "ktor-client-core-jvm"
group = "io.ktor"
version = "3.1.1"
checksum = "dc735206815a9dfa769c964d863b17f39d827155a959532ce717accba12ecd98"
source = "https://repo.maven.apache.org/maven2"
scope = "compile"

[[package.dependencies]]
name = "kotlinx-coroutines-slf4j"
group = "org.jetbrains.kotlinx"
version = "1.10.1"

[[package.dependencies]]
name = "ktor-sse-jvm"
group = "io.ktor"
version = "3.1.1"

[[package.dependencies]]
name = "ktor-websocket-serialization-jvm"
group = "io.ktor"
version = "3.1.1"

[[package.dependencies]]
name = "ktor-events-jvm"
group = "io.ktor"
version = "3.1.1"

[[package.dependencies]]
name = "ktor-http-jvm"
group = "io.ktor"
version = "3.1.1"

[[package]]
name = "ktor-events-jvm"
group = "io.ktor"
version = "3.1.1"
checksum = "79d27eadf27a278df790c490f57c991bed9360b55a05bc9f1f744b22330b505b"
source = "https://repo.maven.apache.org/maven2"
scope = "compile"
dependencies = []

[[package]]
name = "ktor-http-cio-jvm"
group = "io.ktor"
version = "3.1.1"
checksum = "65955fbec880f666ff30e5cdecc33e39ffd7c0b658c09da789494e8528c94c60"
source = "https://repo.maven.apache.org/maven2"
scope = "compile"

[[package.dependencies]]
name = "ktor-io-jvm"
group = "io.ktor"
version = "3.1.1"

[[package.dependencies]]
name = "ktor-network-jvm"
group = "io.ktor"
version = "3.1.1"

[[package]]
name = "ktor-http-jvm"
group = "io.ktor"
version = "3.1.1"
checksum = "c10e22125b4393e66124ddf979d88999cffb0bfbe8d5ba192240fba104d15fba"
source = "https://repo.maven.apache.org/maven2"
scope = "compile"
dependencies = []

[[package]]
name = "ktor-io-jvm"
group = "io.ktor"
version = "3.1.1"
checksum = "318b916f47c85170af4bee9f0f4550b0e0edecacb5e1dc2c2829776c8d7bc9ab"
source = "https://repo.maven.apache.org/maven2"
scope = "compile"
dependencies = []

[[package]]
name = "ktor-network-jvm"
group = "io.ktor"
version = "3.1.1"
checksum = "089cbbb94f24b75e3e4c4401baefd9586f5b15c9d800a6e93f30a64b1959b239"
source = "https://repo.maven.apache.org/maven2"
scope = "compile"
dependencies = []

[[package]]
name = "ktor-network-tls-jvm"
group = "io.ktor"
version = "3.1.1"
checksum = "2bcecdff77a8bf513f15ac22469944df6709bdee95e58d28e790e91334980bbc"
source = "https://repo.maven.apache.org/maven2"
scope = "compile"

[[package.dependencies]]
name = "ktor-utils-jvm"
group = "io.ktor"
version = "3.1.1"

[[package]]
name = "ktor-serialization-jvm"
group = "io.ktor"
version = "3.1.1"
checksum = "9c995d5e8175de4818302a6501bb99a8e119d4623c75552ddf60ee3d66c5e7de"
source = "https://repo.maven.apache.org/maven2"
scope = "compile"
dependencies = []

[[package]]
name = "ktor-serialization-kotlinx-json-jvm"
group = "io.ktor"
version = "3.1.1"
checksum = "81db6e9b21696e057269eac1a1b644e871ce9e75a3da8e68053ab77397efc01b"
source = "https://repo.maven.apache.org/maven2"
scope = "compile"

[[package.dependencies]]
name = "kotlinx-serialization-json-io-jvm"
group = "org.jetbrains.kotlinx"
version = "1.8.0"

[[package.dependencies]]
name = "ktor-serialization-kotlinx-jvm"
group = "io.ktor"
version = "3.1.1"

[[package]]
name = "ktor-serialization-kotlinx-jvm"
group = "io.ktor"
version = "3.1.1"
checksum = "506ca7b01e4502fbd894864fe40d4a846c0b47a5954d4d35fbc4c8f80048d7a0"
source = "https://repo.maven.apache.org/maven2"
scope = "compile"
dependencies = []

[[package]]
name = "ktor-sse-jvm"
group = "io.ktor"
version = "3.1.1"
checksum = "f4ca14e8bcc93cb0df6b3c11851c80cde0ec4c532f3a27ddc4f6e17cdf5095f2"
source = "https://repo.maven.apache.org/maven2"
scope = "compile"
dependencies = []

[[package]]
name = "ktor-utils-jvm"
group = "io.ktor"
version = "3.1.1"
checksum = "31767cb821ca07729fb5c9660e38d8819dc9a3b8ca9b8bb6ab50ff6bd04cb829"
source = "https://repo.maven.apache.org/maven2"
scope = "compile"
dependencies = []

[[package]]
name = "ktor-websocket-serialization-jvm"
group = "io.ktor"
version = "3.1.1"
checksum = "fb368dcdb7623c7178aca8633222649cb1510646954b49ba359c5c926f98fc41"
source = "https://repo.maven.apache.org/maven2"
scope = "compile"
dependencies = []

[[package]]
name = "ktor-websockets-jvm"
group = "io.ktor"
version = "3.1.1"
checksum = "20daf0b5f7929d7b0b207f5630dd523d47182d251dcac533a9b19ca82406ebdb"
source = "https://repo.maven.apache.org/maven2"
scope = "compile"
dependencies = []

[[package]]
name = "annotations"
group = "org.jetbrains"
version = "23.0.0"
checksum = "7b0f19724082cbfcbc66e5abea2b9bc92cf08a1ea11e191933ed43801eb3cd05"
source = "https://repo.maven.apache.org/maven2"
scope = "compile"
dependencies = []

[[package]]
name = "kotlin-stdlib"
group = "org.jetbrains.kotlin"
version = "2.0.21"
checksum = "f31cc53f105a7e48c093683bbd5437561d1233920513774b470805641bedbc09"
source = "https://repo.maven.apache.org/maven2"
scope = "compile"
dependencies = []

[[package]]
name = "kotlin-test"
group = "org.jetbrains.kotlin"
version = "2.3.0"
checksum = "ae298a046eb9db6facb448685cb29f6ca77ab52afff1169b3fc52519de74da28"
source = "https://repo.maven.apache.org/maven2"
scope = "test"
dependencies = []

[[package]]
name = "kotlinx-coroutines-core-jvm"
group = "org.jetbrains.kotlinx"
version = "1.10.1"
checksum = "069c5988633230e074ec0d39321ec3cdaa4547c49e90ba936c63d8fc91c8c00d"
source = "https://repo.maven.apache.org/maven2"
scope = "compile"

[[package.dependencies]]
name = "annotations"
group = "org.jetbrains"
version = "23.0.0"

[[package]]
name = "kotlinx-coroutines-slf4j"
group = "org.jetbrains.kotlinx"
version = "1.10.1"
checksum = "e5fa674e3da6a70fe1188fc0d65f86705379aeda34c59cbd30bd15c0e465b6cf"
source = "https://repo.maven.apache.org/maven2"
scope = "runtime"
dependencies = []

[[package]]
name = "kotlinx-coroutines-test-jvm"
group = "org.jetbrains.kotlinx"
version = "1.10.1"
checksum = "ac3f456c9e25c3fc01542dc208655d0583cd37b5f72c35856267b74bd1664ab6"
source = "https://repo.maven.apache.org/maven2"
scope = "test"
dependencies = []

[[package]]
name = "kotlinx-io-bytestring-jvm"
group = "org.jetbrains.kotlinx"
version = "0.6.0"
checksum = "baa77a783d70a66af88d6898a1d4971e4aa84e62b26418057379bdf09fb5bada"
source = "https://repo.maven.apache.org/maven2"
scope = "compile"
dependencies = []

[[package]]
name = "kotlinx-io-core-jvm"
group = "org.jetbrains.kotlinx"
version = "0.6.0"
checksum = "42523c80823d31ef59fae42c9252ef1d3b1189ca9d3cc3adfd402a29d063e6ff"
source = "https://repo.maven.apache.org/maven2"
scope = "compile"
dependencies = []

[[package]]
name = "kotlinx-serialization-core-jvm"
group = "org.jetbrains.kotlinx"
version = "1.8.0"
checksum = "d3c94e9d829bba6e0c4cd3ae478a40846dd49d5475d6707877be853976afe416"
source = "https://repo.maven.apache.org/maven2"
scope = "compile"
dependencies = []

[[package]]
name = "kotlinx-serialization-json-io-jvm"
group = "org.jetbrains.kotlinx"
version = "1.8.0"
checksum = "ab5ec8ea48815197c46a7df9f418a62791fe91cda5023b941ce4de872d810cc1"
source = "https://repo.maven.apache.org/maven2"
scope = "compile"
dependencies = []

[[package]]
name = "kotlinx-serialization-json-jvm"
group = "org.jetbrains.kotlinx"
version = "1.8.0"
checksum = "7b7c445880cef94dc464f4733da1b33b94bee78805041ea08ae06e8507e4620e"
source = "https://repo.maven.apache.org/maven2"
scope = "compile"

[[package.dependencies]]
name = "kotlinx-serialization-core-jvm"
group = "org.jetbrains.kotlinx"
version = "1.8.0"

[[package]]
name = "slf4j-api"
group = "org.slf4j"
version = "2.0.16"
checksum = "a12578dde1ba00bd9b816d388a0b879928d00bab3c83c240f7013bf4196c579a"
source = "https://repo.maven.apache.org/maven2"
scope = "compile"
dependencies = []

[[package]]
name = "slf4j-simple"
group = "org.slf4j"
version = "2.0.16"
checksum = "effc32018658bea09d1e08c7d1060ccad46c086960f583d07dd7ffe9c1172a47"
source = "https://repo.maven.apache.org/maven2"
scope = "compile"
dependencies = []
